
Microsoft Visual Studio Solution File, Format Version 12.00
# Visual Studio 2012
Project("{FAE04EC0-301F-11D3-BF4B-00C04F79EFBC}") = "PaperScissorsRock.Domain", "PaperScissorsRock\PaperScissorsRock.Domain.csproj", "{5D24FBE2-57AC-442C-AFAA-3510ED0A06BE}"
EndProject
Project("{FAE04EC0-301F-11D3-BF4B-00C04F79EFBC}") = "PaperScissorsRock.Contracts", "PaperScissorsRock.Contracts\PaperScissorsRock.Contracts.csproj", "{3A126234-3905-4358-AD85-F17BB9541C12}"
EndProject
Project("{FAE04EC0-301F-11D3-BF4B-00C04F79EFBC}") = "PaperScissorsRock.Domain.Tests.Unit", "PaperScissorsRock.Domain.Tests.Unit\PaperScissorsRock.Domain.Tests.Unit.csproj", "{D6E3C364-8161-43DF-B83D-39441D28AB44}"
EndProject
Project("{2150E333-8FDC-42A3-9474-1A3956D46DE8}") = ".nuget", ".nuget", "{B8F657BE-A89F-4E7F-9D40-6B57DFD4D9C2}"
	ProjectSection(SolutionItems) = preProject
		.nuget\NuGet.Config = .nuget\NuGet.Config
		.nuget\NuGet.exe = .nuget\NuGet.exe
		.nuget\NuGet.targets = .nuget\NuGet.targets
	EndProjectSection
EndProject
Global
	GlobalSection(SolutionConfigurationPlatforms) = preSolution
		Debug|Any CPU = Debug|Any CPU
		Release|Any CPU = Release|Any CPU
	EndGlobalSection
	GlobalSection(ProjectConfigurationPlatforms) = postSolution
		{5D24FBE2-57AC-442C-AFAA-3510ED0A06BE}.Debug|Any CPU.ActiveCfg = Debug|Any CPU
		{5D24FBE2-57AC-442C-AFAA-3510ED0A06BE}.Debug|Any CPU.Build.0 = Debug|Any CPU
		{5D24FBE2-57AC-442C-AFAA-3510ED0A06BE}.Release|Any CPU.ActiveCfg = Release|Any CPU
		{5D24FBE2-57AC-442C-AFAA-3510ED0A06BE}.Release|Any CPU.Build.0 = Release|Any CPU
		{3A126234-3905-4358-AD85-F17BB9541C12}.Debug|Any CPU.ActiveCfg = Debug|Any CPU
		{3A126234-3905-4358-AD85-F17BB9541C12}.Debug|Any CPU.Build.0 = Debug|Any CPU
		{3A126234-3905-4358-AD85-F17BB9541C12}.Release|Any CPU.ActiveCfg = Release|Any CPU
		{3A126234-3905-4358-AD85-F17BB9541C12}.Release|Any CPU.Build.0 = Release|Any CPU
		{D6E3C364-8161-43DF-B83D-39441D28AB44}.Debug|Any CPU.ActiveCfg = Debug|Any CPU
		{D6E3C364-8161-43DF-B83D-39441D28AB44}.Debug|Any CPU.Build.0 = Debug|Any CPU
		{D6E3C364-8161-43DF-B83D-39441D28AB44}.Release|Any CPU.ActiveCfg = Release|Any CPU
		{D6E3C364-8161-43DF-B83D-39441D28AB44}.Release|Any CPU.Build.0 = Release|Any CPU
	EndGlobalSection
	GlobalSection(SolutionProperties) = preSolution
		HideSolutionNode = FALSE
	EndGlobalSection
EndGlobal
